
Microsoft Visual Studio Solution File, Format Version 12.00
# Visual Studio Version 17
VisualStudioVersion = 17.8.34525.116
MinimumVisualStudioVersion = 10.0.40219.1
Project("{FAE04EC0-301F-11D3-BF4B-00C04F79EFBC}") = "MPP_1", "MPP_1\MPP_1.csproj", "{0D737A13-97F7-4059-962F-5D93C45A4EEF}"
EndProject
Global
	GlobalSection(SolutionConfigurationPlatforms) = preSolution
		Debug|Any CPU = Debug|Any CPU
		Release|Any CPU = Release|Any CPU
	EndGlobalSection
	GlobalSection(ProjectConfigurationPlatforms) = postSolution
		{0D737A13-97F7-4059-962F-5D93C45A4EEF}.Debug|Any CPU.ActiveCfg = Debug|Any CPU
		{0D737A13-97F7-4059-962F-5D93C45A4EEF}.Debug|Any CPU.Build.0 = Debug|Any CPU
		{0D737A13-97F7-4059-962F-5D93C45A4EEF}.Release|Any CPU.ActiveCfg = Release|Any CPU
		{0D737A13-97F7-4059-962F-5D93C45A4EEF}.Release|Any CPU.Build.0 = Release|Any CPU
	EndGlobalSection
	GlobalSection(SolutionProperties) = preSolution
		HideSolutionNode = FALSE
	EndGlobalSection
	GlobalSection(ExtensibilityGlobals) = postSolution
		SolutionGuid = {C1A3EE5F-887D-4CBC-8CE2-431CD6C367E8}
	EndGlobalSection
EndGlobal
