
Microsoft Visual Studio Solution File, Format Version 12.00
# Visual Studio Version 17
VisualStudioVersion = 17.8.34525.116
MinimumVisualStudioVersion = 10.0.40219.1
Project("{FAE04EC0-301F-11D3-BF4B-00C04F79EFBC}") = "Tracer&Formating", "Tracer&Formating\Tracer&Formating.csproj", "{8268DC23-EC2F-4749-AE5B-062A94C3AB67}"
EndProject
Project("{FAE04EC0-301F-11D3-BF4B-00C04F79EFBC}") = "ConsoleApp&Writers", "ConsoleApp&Writers\ConsoleApp&Writers.csproj", "{C331FC80-C3E7-4AB0-8703-9E8E31A2B53C}"
EndProject
Project("{FAE04EC0-301F-11D3-BF4B-00C04F79EFBC}") = "Tests", "Tests\Tests.csproj", "{C7248774-63AA-4DCC-ACDD-4AC41B6A3D2A}"
EndProject
Global
	GlobalSection(SolutionConfigurationPlatforms) = preSolution
		Debug|Any CPU = Debug|Any CPU
		Release|Any CPU = Release|Any CPU
	EndGlobalSection
	GlobalSection(ProjectConfigurationPlatforms) = postSolution
		{8268DC23-EC2F-4749-AE5B-062A94C3AB67}.Debug|Any CPU.ActiveCfg = Debug|Any CPU
		{8268DC23-EC2F-4749-AE5B-062A94C3AB67}.Debug|Any CPU.Build.0 = Debug|Any CPU
		{8268DC23-EC2F-4749-AE5B-062A94C3AB67}.Release|Any CPU.ActiveCfg = Release|Any CPU
		{8268DC23-EC2F-4749-AE5B-062A94C3AB67}.Release|Any CPU.Build.0 = Release|Any CPU
		{C331FC80-C3E7-4AB0-8703-9E8E31A2B53C}.Debug|Any CPU.ActiveCfg = Debug|Any CPU
		{C331FC80-C3E7-4AB0-8703-9E8E31A2B53C}.Debug|Any CPU.Build.0 = Debug|Any CPU
		{C331FC80-C3E7-4AB0-8703-9E8E31A2B53C}.Release|Any CPU.ActiveCfg = Release|Any CPU
		{C331FC80-C3E7-4AB0-8703-9E8E31A2B53C}.Release|Any CPU.Build.0 = Release|Any CPU
		{C7248774-63AA-4DCC-ACDD-4AC41B6A3D2A}.Debug|Any CPU.ActiveCfg = Debug|Any CPU
		{C7248774-63AA-4DCC-ACDD-4AC41B6A3D2A}.Debug|Any CPU.Build.0 = Debug|Any CPU
		{C7248774-63AA-4DCC-ACDD-4AC41B6A3D2A}.Release|Any CPU.ActiveCfg = Release|Any CPU
		{C7248774-63AA-4DCC-ACDD-4AC41B6A3D2A}.Release|Any CPU.Build.0 = Release|Any CPU
	EndGlobalSection
	GlobalSection(SolutionProperties) = preSolution
		HideSolutionNode = FALSE
	EndGlobalSection
	GlobalSection(ExtensibilityGlobals) = postSolution
		SolutionGuid = {C1A3EE5F-887D-4CBC-8CE2-431CD6C367E8}
	EndGlobalSection
EndGlobal
